{
    "_meta": {
        "hash": {
            "sha256": "7e7ef69da7248742e869378f8421880cf8f0017f96d94d086813baa518a65489"
        },
        "pipfile-spec": 6,
        "requires": {
            "python_version": "3.7"
        },
        "sources": [
            {
                "name": "pypi",
                "url": "https://pypi.org/simple",
                "verify_ssl": true
            }
        ]
    },
    "default": {},
    "develop": {}
}
